// !$*UTF8*$!
{
	archiveVersion = 1;
	classes = {
	};
	objectVersion = 46;
	objects = {

/* Begin PBXBuildFile section */
		BF55C21919CA745B00F61FCA /* jdksdap.hpp in Headers */ = {isa = PBXBuildFile; fileRef = BF55C21219CA745B00F61FCA /* jdksdap.hpp */; };
		BF55C21A19CA745B00F61FCA /* jdksdap_block.hpp in Headers */ = {isa = PBXBuildFile; fileRef = BF55C21319CA745B00F61FCA /* jdksdap_block.hpp */; };
		BF55C21B19CA745B00F61FCA /* jdksdap_math.hpp in Headers */ = {isa = PBXBuildFile; fileRef = BF55C21419CA745B00F61FCA /* jdksdap_math.hpp */; };
		BF55C21C19CA745B00F61FCA /* jdksdap_traits.hpp in Headers */ = {isa = PBXBuildFile; fileRef = BF55C21519CA745B00F61FCA /* jdksdap_traits.hpp */; };
		BF55C21D19CA745B00F61FCA /* jdksdap_twist.hpp in Headers */ = {isa = PBXBuildFile; fileRef = BF55C21619CA745B00F61FCA /* jdksdap_twist.hpp */; };
		BF55C21E19CA745B00F61FCA /* jdksdap_vec.hpp in Headers */ = {isa = PBXBuildFile; fileRef = BF55C21719CA745B00F61FCA /* jdksdap_vec.hpp */; };
		BF55C21F19CA745B00F61FCA /* jdksdap_world.hpp in Headers */ = {isa = PBXBuildFile; fileRef = BF55C21819CA745B00F61FCA /* jdksdap_world.hpp */; };
		BF55C22819CA746300F61FCA /* jdksdap.cpp in Sources */ = {isa = PBXBuildFile; fileRef = BF55C22119CA746300F61FCA /* jdksdap.cpp */; };
		BF55C22919CA746300F61FCA /* jdksdap_block.cpp in Sources */ = {isa = PBXBuildFile; fileRef = BF55C22219CA746300F61FCA /* jdksdap_block.cpp */; };
		BF55C22A19CA746300F61FCA /* jdksdap_math.cpp in Sources */ = {isa = PBXBuildFile; fileRef = BF55C22319CA746300F61FCA /* jdksdap_math.cpp */; };
		BF55C22B19CA746300F61FCA /* jdksdap_traits.cpp in Sources */ = {isa = PBXBuildFile; fileRef = BF55C22419CA746300F61FCA /* jdksdap_traits.cpp */; };
		BF55C22C19CA746300F61FCA /* jdksdap_twist.cpp in Sources */ = {isa = PBXBuildFile; fileRef = BF55C22519CA746300F61FCA /* jdksdap_twist.cpp */; };
		BF55C22D19CA746300F61FCA /* jdksdap_vec.cpp in Sources */ = {isa = PBXBuildFile; fileRef = BF55C22619CA746300F61FCA /* jdksdap_vec.cpp */; };
		BF55C22E19CA746300F61FCA /* jdksdap_world.cpp in Sources */ = {isa = PBXBuildFile; fileRef = BF55C22719CA746300F61FCA /* jdksdap_world.cpp */; };
		BF55C23119CA747000F61FCA /* test_simple.cpp in Sources */ = {isa = PBXBuildFile; fileRef = BF55C23019CA747000F61FCA /* test_simple.cpp */; };
/* End PBXBuildFile section */

/* Begin PBXCopyFilesBuildPhase section */
		BF72D85919C8D78F00135025 /* CopyFiles */ = {
			isa = PBXCopyFilesBuildPhase;
			buildActionMask = 2147483647;
			dstPath = /usr/share/man/man1/;
			dstSubfolderSpec = 0;
			files = (
			);
			runOnlyForDeploymentPostprocessing = 1;
		};
/* End PBXCopyFilesBuildPhase section */

/* Begin PBXFileReference section */
		BF55C21219CA745B00F61FCA /* jdksdap.hpp */ = {isa = PBXFileReference; fileEncoding = 4; lastKnownFileType = sourcecode.cpp.h; path = jdksdap.hpp; sourceTree = "<group>"; };
		BF55C21319CA745B00F61FCA /* jdksdap_block.hpp */ = {isa = PBXFileReference; fileEncoding = 4; lastKnownFileType = sourcecode.cpp.h; path = jdksdap_block.hpp; sourceTree = "<group>"; };
		BF55C21419CA745B00F61FCA /* jdksdap_math.hpp */ = {isa = PBXFileReference; fileEncoding = 4; lastKnownFileType = sourcecode.cpp.h; path = jdksdap_math.hpp; sourceTree = "<group>"; };
		BF55C21519CA745B00F61FCA /* jdksdap_traits.hpp */ = {isa = PBXFileReference; fileEncoding = 4; lastKnownFileType = sourcecode.cpp.h; path = jdksdap_traits.hpp; sourceTree = "<group>"; };
		BF55C21619CA745B00F61FCA /* jdksdap_twist.hpp */ = {isa = PBXFileReference; fileEncoding = 4; lastKnownFileType = sourcecode.cpp.h; path = jdksdap_twist.hpp; sourceTree = "<group>"; };
		BF55C21719CA745B00F61FCA /* jdksdap_vec.hpp */ = {isa = PBXFileReference; fileEncoding = 4; lastKnownFileType = sourcecode.cpp.h; path = jdksdap_vec.hpp; sourceTree = "<group>"; };
		BF55C21819CA745B00F61FCA /* jdksdap_world.hpp */ = {isa = PBXFileReference; fileEncoding = 4; lastKnownFileType = sourcecode.cpp.h; path = jdksdap_world.hpp; sourceTree = "<group>"; };
		BF55C22119CA746300F61FCA /* jdksdap.cpp */ = {isa = PBXFileReference; fileEncoding = 4; lastKnownFileType = sourcecode.cpp.cpp; path = jdksdap.cpp; sourceTree = "<group>"; };
		BF55C22219CA746300F61FCA /* jdksdap_block.cpp */ = {isa = PBXFileReference; fileEncoding = 4; lastKnownFileType = sourcecode.cpp.cpp; path = jdksdap_block.cpp; sourceTree = "<group>"; };
		BF55C22319CA746300F61FCA /* jdksdap_math.cpp */ = {isa = PBXFileReference; fileEncoding = 4; lastKnownFileType = sourcecode.cpp.cpp; path = jdksdap_math.cpp; sourceTree = "<group>"; };
		BF55C22419CA746300F61FCA /* jdksdap_traits.cpp */ = {isa = PBXFileReference; fileEncoding = 4; lastKnownFileType = sourcecode.cpp.cpp; path = jdksdap_traits.cpp; sourceTree = "<group>"; };
		BF55C22519CA746300F61FCA /* jdksdap_twist.cpp */ = {isa = PBXFileReference; fileEncoding = 4; lastKnownFileType = sourcecode.cpp.cpp; path = jdksdap_twist.cpp; sourceTree = "<group>"; };
		BF55C22619CA746300F61FCA /* jdksdap_vec.cpp */ = {isa = PBXFileReference; fileEncoding = 4; lastKnownFileType = sourcecode.cpp.cpp; path = jdksdap_vec.cpp; sourceTree = "<group>"; };
		BF55C22719CA746300F61FCA /* jdksdap_world.cpp */ = {isa = PBXFileReference; fileEncoding = 4; lastKnownFileType = sourcecode.cpp.cpp; path = jdksdap_world.cpp; sourceTree = "<group>"; };
		BF55C23019CA747000F61FCA /* test_simple.cpp */ = {isa = PBXFileReference; fileEncoding = 4; lastKnownFileType = sourcecode.cpp.cpp; path = test_simple.cpp; sourceTree = "<group>"; };
		BF72D83119C8D6D500135025 /* libdap.a */ = {isa = PBXFileReference; explicitFileType = archive.ar; includeInIndex = 0; path = libdap.a; sourceTree = BUILT_PRODUCTS_DIR; };
		BF72D85B19C8D78F00135025 /* test_simple */ = {isa = PBXFileReference; explicitFileType = "compiled.mach-o.executable"; includeInIndex = 0; path = test_simple; sourceTree = BUILT_PRODUCTS_DIR; };
/* End PBXFileReference section */

/* Begin PBXFrameworksBuildPhase section */
		BF72D82E19C8D6D500135025 /* Frameworks */ = {
			isa = PBXFrameworksBuildPhase;
			buildActionMask = 2147483647;
			files = (
			);
			runOnlyForDeploymentPostprocessing = 0;
		};
		BF72D85819C8D78F00135025 /* Frameworks */ = {
			isa = PBXFrameworksBuildPhase;
			buildActionMask = 2147483647;
			files = (
			);
			runOnlyForDeploymentPostprocessing = 0;
		};
/* End PBXFrameworksBuildPhase section */

/* Begin PBXGroup section */
		BF55C21119CA745B00F61FCA /* include */ = {
			isa = PBXGroup;
			children = (
				BF55C21219CA745B00F61FCA /* jdksdap.hpp */,
				BF55C21319CA745B00F61FCA /* jdksdap_block.hpp */,
				BF55C21419CA745B00F61FCA /* jdksdap_math.hpp */,
				BF55C21519CA745B00F61FCA /* jdksdap_traits.hpp */,
				BF55C21619CA745B00F61FCA /* jdksdap_twist.hpp */,
				BF55C21719CA745B00F61FCA /* jdksdap_vec.hpp */,
				BF55C21819CA745B00F61FCA /* jdksdap_world.hpp */,
			);
			name = include;
			path = ../../include;
			sourceTree = "<group>";
		};
		BF55C22019CA746300F61FCA /* src */ = {
			isa = PBXGroup;
			children = (
				BF55C22119CA746300F61FCA /* jdksdap.cpp */,
				BF55C22219CA746300F61FCA /* jdksdap_block.cpp */,
				BF55C22319CA746300F61FCA /* jdksdap_math.cpp */,
				BF55C22419CA746300F61FCA /* jdksdap_traits.cpp */,
				BF55C22519CA746300F61FCA /* jdksdap_twist.cpp */,
				BF55C22619CA746300F61FCA /* jdksdap_vec.cpp */,
				BF55C22719CA746300F61FCA /* jdksdap_world.cpp */,
			);
			name = src;
			path = ../../src;
			sourceTree = "<group>";
		};
		BF55C22F19CA747000F61FCA /* tests */ = {
			isa = PBXGroup;
			children = (
				BF55C23019CA747000F61FCA /* test_simple.cpp */,
			);
			name = tests;
			path = ../../tests;
			sourceTree = "<group>";
		};
		BF72D82819C8D6D400135025 = {
			isa = PBXGroup;
			children = (
				BF55C22F19CA747000F61FCA /* tests */,
				BF55C22019CA746300F61FCA /* src */,
				BF55C21119CA745B00F61FCA /* include */,
				BF72D83219C8D6D500135025 /* Products */,
			);
			sourceTree = "<group>";
		};
		BF72D83219C8D6D500135025 /* Products */ = {
			isa = PBXGroup;
			children = (
				BF72D83119C8D6D500135025 /* libdap.a */,
				BF72D85B19C8D78F00135025 /* test_simple */,
			);
			name = Products;
			sourceTree = "<group>";
		};
/* End PBXGroup section */

/* Begin PBXHeadersBuildPhase section */
		BF72D82F19C8D6D500135025 /* Headers */ = {
			isa = PBXHeadersBuildPhase;
			buildActionMask = 2147483647;
			files = (
				BF55C21A19CA745B00F61FCA /* jdksdap_block.hpp in Headers */,
				BF55C21B19CA745B00F61FCA /* jdksdap_math.hpp in Headers */,
				BF55C21D19CA745B00F61FCA /* jdksdap_twist.hpp in Headers */,
				BF55C21E19CA745B00F61FCA /* jdksdap_vec.hpp in Headers */,
				BF55C21919CA745B00F61FCA /* jdksdap.hpp in Headers */,
				BF55C21C19CA745B00F61FCA /* jdksdap_traits.hpp in Headers */,
				BF55C21F19CA745B00F61FCA /* jdksdap_world.hpp in Headers */,
			);
			runOnlyForDeploymentPostprocessing = 0;
		};
/* End PBXHeadersBuildPhase section */

/* Begin PBXNativeTarget section */
		BF72D83019C8D6D500135025 /* dap */ = {
			isa = PBXNativeTarget;
			buildConfigurationList = BF72D83C19C8D6D500135025 /* Build configuration list for PBXNativeTarget "dap" */;
			buildPhases = (
				BF72D82D19C8D6D500135025 /* Sources */,
				BF72D82E19C8D6D500135025 /* Frameworks */,
				BF72D82F19C8D6D500135025 /* Headers */,
			);
			buildRules = (
			);
			dependencies = (
			);
			name = dap;
			productName = dap;
			productReference = BF72D83119C8D6D500135025 /* libdap.a */;
			productType = "com.apple.product-type.library.static";
		};
		BF72D85A19C8D78F00135025 /* test_simple */ = {
			isa = PBXNativeTarget;
			buildConfigurationList = BF72D85F19C8D78F00135025 /* Build configuration list for PBXNativeTarget "test_simple" */;
			buildPhases = (
				BF72D85719C8D78F00135025 /* Sources */,
				BF72D85819C8D78F00135025 /* Frameworks */,
				BF72D85919C8D78F00135025 /* CopyFiles */,
			);
			buildRules = (
			);
			dependencies = (
			);
			name = test_simple;
			productName = test_simple;
			productReference = BF72D85B19C8D78F00135025 /* test_simple */;
			productType = "com.apple.product-type.tool";
		};
/* End PBXNativeTarget section */

/* Begin PBXProject section */
		BF72D82919C8D6D500135025 /* Project object */ = {
			isa = PBXProject;
			attributes = {
				LastUpgradeCheck = 0600;
				ORGANIZATIONNAME = "J.D. Koftinoff Software, Ltd.";
				TargetAttributes = {
					BF72D83019C8D6D500135025 = {
						CreatedOnToolsVersion = 6.0;
					};
					BF72D85A19C8D78F00135025 = {
						CreatedOnToolsVersion = 6.0;
					};
				};
			};
			buildConfigurationList = BF72D82C19C8D6D500135025 /* Build configuration list for PBXProject "dap" */;
			compatibilityVersion = "Xcode 3.2";
			developmentRegion = English;
			hasScannedForEncodings = 0;
			knownRegions = (
				en,
			);
			mainGroup = BF72D82819C8D6D400135025;
			productRefGroup = BF72D83219C8D6D500135025 /* Products */;
			projectDirPath = "";
			projectRoot = "";
			targets = (
				BF72D83019C8D6D500135025 /* dap */,
				BF72D85A19C8D78F00135025 /* test_simple */,
			);
		};
/* End PBXProject section */

/* Begin PBXSourcesBuildPhase section */
		BF72D82D19C8D6D500135025 /* Sources */ = {
			isa = PBXSourcesBuildPhase;
			buildActionMask = 2147483647;
			files = (
				BF55C22D19CA746300F61FCA /* jdksdap_vec.cpp in Sources */,
				BF55C22A19CA746300F61FCA /* jdksdap_math.cpp in Sources */,
				BF55C22819CA746300F61FCA /* jdksdap.cpp in Sources */,
				BF55C22C19CA746300F61FCA /* jdksdap_twist.cpp in Sources */,
				BF55C22E19CA746300F61FCA /* jdksdap_world.cpp in Sources */,
				BF55C22B19CA746300F61FCA /* jdksdap_traits.cpp in Sources */,
				BF55C22919CA746300F61FCA /* jdksdap_block.cpp in Sources */,
			);
			runOnlyForDeploymentPostprocessing = 0;
		};
		BF72D85719C8D78F00135025 /* Sources */ = {
			isa = PBXSourcesBuildPhase;
			buildActionMask = 2147483647;
			files = (
				BF55C23119CA747000F61FCA /* test_simple.cpp in Sources */,
			);
			runOnlyForDeploymentPostprocessing = 0;
		};
/* End PBXSourcesBuildPhase section */

/* Begin XCBuildConfiguration section */
		BF72D83A19C8D6D500135025 /* Debug */ = {
			isa = XCBuildConfiguration;
			buildSettings = {
				ALWAYS_SEARCH_USER_PATHS = NO;
				CLANG_CXX_LANGUAGE_STANDARD = "gnu++0x";
				CLANG_CXX_LIBRARY = "libc++";
				CLANG_ENABLE_MODULES = YES;
				CLANG_ENABLE_OBJC_ARC = YES;
				CLANG_WARN_BOOL_CONVERSION = YES;
				CLANG_WARN_CONSTANT_CONVERSION = YES;
				CLANG_WARN_DIRECT_OBJC_ISA_USAGE = YES_ERROR;
				CLANG_WARN_EMPTY_BODY = YES;
				CLANG_WARN_ENUM_CONVERSION = YES;
				CLANG_WARN_INT_CONVERSION = YES;
				CLANG_WARN_OBJC_ROOT_CLASS = YES_ERROR;
				CLANG_WARN_UNREACHABLE_CODE = YES;
				CLANG_WARN__DUPLICATE_METHOD_MATCH = YES;
				COPY_PHASE_STRIP = NO;
				ENABLE_STRICT_OBJC_MSGSEND = YES;
				GCC_C_LANGUAGE_STANDARD = gnu99;
				GCC_DYNAMIC_NO_PIC = NO;
				GCC_OPTIMIZATION_LEVEL = 0;
				GCC_PREPROCESSOR_DEFINITIONS = (
					"DEBUG=1",
					"$(inherited)",
				);
				GCC_SYMBOLS_PRIVATE_EXTERN = NO;
				GCC_WARN_64_TO_32_BIT_CONVERSION = YES;
				GCC_WARN_ABOUT_RETURN_TYPE = YES_ERROR;
				GCC_WARN_UNDECLARED_SELECTOR = YES;
				GCC_WARN_UNINITIALIZED_AUTOS = YES_AGGRESSIVE;
				GCC_WARN_UNUSED_FUNCTION = YES;
				GCC_WARN_UNUSED_VARIABLE = YES;
				MACOSX_DEPLOYMENT_TARGET = 10.9;
				MTL_ENABLE_DEBUG_INFO = YES;
				ONLY_ACTIVE_ARCH = YES;
				SDKROOT = macosx;
			};
			name = Debug;
		};
		BF72D83B19C8D6D500135025 /* Release */ = {
			isa = XCBuildConfiguration;
			buildSettings = {
				ALWAYS_SEARCH_USER_PATHS = NO;
				CLANG_CXX_LANGUAGE_STANDARD = "gnu++0x";
				CLANG_CXX_LIBRARY = "libc++";
				CLANG_ENABLE_MODULES = YES;
				CLANG_ENABLE_OBJC_ARC = YES;
				CLANG_WARN_BOOL_CONVERSION = YES;
				CLANG_WARN_CONSTANT_CONVERSION = YES;
				CLANG_WARN_DIRECT_OBJC_ISA_USAGE = YES_ERROR;
				CLANG_WARN_EMPTY_BODY = YES;
				CLANG_WARN_ENUM_CONVERSION = YES;
				CLANG_WARN_INT_CONVERSION = YES;
				CLANG_WARN_OBJC_ROOT_CLASS = YES_ERROR;
				CLANG_WARN_UNREACHABLE_CODE = YES;
				CLANG_WARN__DUPLICATE_METHOD_MATCH = YES;
				COPY_PHASE_STRIP = YES;
				DEBUG_INFORMATION_FORMAT = "dwarf-with-dsym";
				ENABLE_NS_ASSERTIONS = NO;
				ENABLE_STRICT_OBJC_MSGSEND = YES;
				GCC_C_LANGUAGE_STANDARD = gnu99;
				GCC_WARN_64_TO_32_BIT_CONVERSION = YES;
				GCC_WARN_ABOUT_RETURN_TYPE = YES_ERROR;
				GCC_WARN_UNDECLARED_SELECTOR = YES;
				GCC_WARN_UNINITIALIZED_AUTOS = YES_AGGRESSIVE;
				GCC_WARN_UNUSED_FUNCTION = YES;
				GCC_WARN_UNUSED_VARIABLE = YES;
				MACOSX_DEPLOYMENT_TARGET = 10.9;
				MTL_ENABLE_DEBUG_INFO = NO;
				SDKROOT = macosx;
			};
			name = Release;
		};
		BF72D83D19C8D6D500135025 /* Debug */ = {
			isa = XCBuildConfiguration;
			buildSettings = {
				EXECUTABLE_PREFIX = lib;
				GCC_ENABLE_CPP_EXCEPTIONS = YES;
				GCC_ENABLE_CPP_RTTI = YES;
				GCC_SYMBOLS_PRIVATE_EXTERN = NO;
				PRODUCT_NAME = "$(TARGET_NAME)";
			};
			name = Debug;
		};
		BF72D83E19C8D6D500135025 /* Release */ = {
			isa = XCBuildConfiguration;
			buildSettings = {
				EXECUTABLE_PREFIX = lib;
				GCC_ENABLE_CPP_EXCEPTIONS = YES;
				GCC_ENABLE_CPP_RTTI = YES;
				GCC_SYMBOLS_PRIVATE_EXTERN = NO;
				PRODUCT_NAME = "$(TARGET_NAME)";
			};
			name = Release;
		};
		BF72D86019C8D78F00135025 /* Debug */ = {
			isa = XCBuildConfiguration;
			buildSettings = {
				GCC_PREPROCESSOR_DEFINITIONS = (
					"DEBUG=1",
					"$(inherited)",
				);
				PRODUCT_NAME = "$(TARGET_NAME)";
			};
			name = Debug;
		};
		BF72D86119C8D78F00135025 /* Release */ = {
			isa = XCBuildConfiguration;
			buildSettings = {
				PRODUCT_NAME = "$(TARGET_NAME)";
			};
			name = Release;
		};
/* End XCBuildConfiguration section */

/* Begin XCConfigurationList section */
		BF72D82C19C8D6D500135025 /* Build configuration list for PBXProject "dap" */ = {
			isa = XCConfigurationList;
			buildConfigurations = (
				BF72D83A19C8D6D500135025 /* Debug */,
				BF72D83B19C8D6D500135025 /* Release */,
			);
			defaultConfigurationIsVisible = 0;
			defaultConfigurationName = Release;
		};
		BF72D83C19C8D6D500135025 /* Build configuration list for PBXNativeTarget "dap" */ = {
			isa = XCConfigurationList;
			buildConfigurations = (
				BF72D83D19C8D6D500135025 /* Debug */,
				BF72D83E19C8D6D500135025 /* Release */,
			);
			defaultConfigurationIsVisible = 0;
			defaultConfigurationName = Release;
		};
		BF72D85F19C8D78F00135025 /* Build configuration list for PBXNativeTarget "test_simple" */ = {
			isa = XCConfigurationList;
			buildConfigurations = (
				BF72D86019C8D78F00135025 /* Debug */,
				BF72D86119C8D78F00135025 /* Release */,
			);
			defaultConfigurationIsVisible = 0;
			defaultConfigurationName = Release;
		};
/* End XCConfigurationList section */
	};
	rootObject = BF72D82919C8D6D500135025 /* Project object */;
}
